{
  "name": "@seemseam/archi",
  "version": "0.2.17",
  "lockfileVersion": 3,
  "requires": true,
  "packages": {
    "": {
      "name": "@seemseam/archi",
      "version": "0.2.17",
      "hasInstallScript": true,
      "license": "MIT",
      "bin": {
        "archi": "bin/archi.js"
      },
      "engines": {
        "node": ">=18"
      }
    }
  }
}
